
Microsoft Visual Studio Solution File, Format Version 12.00
# Visual Studio Version 17
VisualStudioVersion = 17.0.31903.59
MinimumVisualStudioVersion = 10.0.40219.1
Project("{2150E333-8FDC-42A3-9474-1A3956D46DE8}") = "tools", "tools", "{07C2787E-EAC7-C090-1BA3-A61EC2A24D84}"
EndProject
Project("{FAE04EC0-301F-11D3-BF4B-00C04F79EFBC}") = "ValidateFixture", "tools\ValidateFixture\ValidateFixture.csproj", "{60B68548-DB78-4E63-AEE4-25FDEEEC0E66}"
EndProject
Project("{FAE04EC0-301F-11D3-BF4B-00C04F79EFBC}") = "ValidateFixture.Tests", "tools\ValidateFixture.Tests\ValidateFixture.Tests.csproj", "{16D61D77-F698-442B-825C-18157CDF96FF}"
EndProject
Project("{FAE04EC0-301F-11D3-BF4B-00C04F79EFBC}") = "TaintAnalyzer", "tools\TaintAnalyzer\TaintAnalyzer.csproj", "{22EC636D-55C0-46F0-A0E3-82E3E373C42C}"
EndProject
Project("{FAE04EC0-301F-11D3-BF4B-00C04F79EFBC}") = "TaintAnalyzer.Tests", "tools\TaintAnalyzer.Tests\TaintAnalyzer.Tests.csproj", "{8F74AF7A-CB7F-4D12-A0C0-F1CD24B4FDAC}"
EndProject
Project("{FAE04EC0-301F-11D3-BF4B-00C04F79EFBC}") = "TaintAnalyzer.Tests.Fixtures", "tools\TaintAnalyzer.Tests.Fixtures\TaintAnalyzer.Tests.Fixtures.csproj", "{243022FB-1FD2-4884-89A2-EFBFC8CE9E51}"
EndProject
Global
	GlobalSection(SolutionConfigurationPlatforms) = preSolution
		Debug|Any CPU = Debug|Any CPU
		Debug|x64 = Debug|x64
		Debug|x86 = Debug|x86
		Release|Any CPU = Release|Any CPU
		Release|x64 = Release|x64
		Release|x86 = Release|x86
	EndGlobalSection
	GlobalSection(ProjectConfigurationPlatforms) = postSolution
		{60B68548-DB78-4E63-AEE4-25FDEEEC0E66}.Debug|Any CPU.ActiveCfg = Debug|Any CPU
		{60B68548-DB78-4E63-AEE4-25FDEEEC0E66}.Debug|Any CPU.Build.0 = Debug|Any CPU
		{60B68548-DB78-4E63-AEE4-25FDEEEC0E66}.Debug|x64.ActiveCfg = Debug|Any CPU
		{60B68548-DB78-4E63-AEE4-25FDEEEC0E66}.Debug|x64.Build.0 = Debug|Any CPU
		{60B68548-DB78-4E63-AEE4-25FDEEEC0E66}.Debug|x86.ActiveCfg = Debug|Any CPU
		{60B68548-DB78-4E63-AEE4-25FDEEEC0E66}.Debug|x86.Build.0 = Debug|Any CPU
		{60B68548-DB78-4E63-AEE4-25FDEEEC0E66}.Release|Any CPU.ActiveCfg = Release|Any CPU
		{60B68548-DB78-4E63-AEE4-25FDEEEC0E66}.Release|Any CPU.Build.0 = Release|Any CPU
		{60B68548-DB78-4E63-AEE4-25FDEEEC0E66}.Release|x64.ActiveCfg = Release|Any CPU
		{60B68548-DB78-4E63-AEE4-25FDEEEC0E66}.Release|x64.Build.0 = Release|Any CPU
		{60B68548-DB78-4E63-AEE4-25FDEEEC0E66}.Release|x86.ActiveCfg = Release|Any CPU
		{60B68548-DB78-4E63-AEE4-25FDEEEC0E66}.Release|x86.Build.0 = Release|Any CPU
		{16D61D77-F698-442B-825C-18157CDF96FF}.Debug|Any CPU.ActiveCfg = Debug|Any CPU
		{16D61D77-F698-442B-825C-18157CDF96FF}.Debug|Any CPU.Build.0 = Debug|Any CPU
		{16D61D77-F698-442B-825C-18157CDF96FF}.Debug|x64.ActiveCfg = Debug|Any CPU
		{16D61D77-F698-442B-825C-18157CDF96FF}.Debug|x64.Build.0 = Debug|Any CPU
		{16D61D77-F698-442B-825C-18157CDF96FF}.Debug|x86.ActiveCfg = Debug|Any CPU
		{16D61D77-F698-442B-825C-18157CDF96FF}.Debug|x86.Build.0 = Debug|Any CPU
		{16D61D77-F698-442B-825C-18157CDF96FF}.Release|Any CPU.ActiveCfg = Release|Any CPU
		{16D61D77-F698-442B-825C-18157CDF96FF}.Release|Any CPU.Build.0 = Release|Any CPU
		{16D61D77-F698-442B-825C-18157CDF96FF}.Release|x64.ActiveCfg = Release|Any CPU
		{16D61D77-F698-442B-825C-18157CDF96FF}.Release|x64.Build.0 = Release|Any CPU
		{16D61D77-F698-442B-825C-18157CDF96FF}.Release|x86.ActiveCfg = Release|Any CPU
		{16D61D77-F698-442B-825C-18157CDF96FF}.Release|x86.Build.0 = Release|Any CPU
		{22EC636D-55C0-46F0-A0E3-82E3E373C42C}.Debug|Any CPU.ActiveCfg = Debug|Any CPU
		{22EC636D-55C0-46F0-A0E3-82E3E373C42C}.Debug|Any CPU.Build.0 = Debug|Any CPU
		{22EC636D-55C0-46F0-A0E3-82E3E373C42C}.Debug|x64.ActiveCfg = Debug|Any CPU
		{22EC636D-55C0-46F0-A0E3-82E3E373C42C}.Debug|x64.Build.0 = Debug|Any CPU
		{22EC636D-55C0-46F0-A0E3-82E3E373C42C}.Debug|x86.ActiveCfg = Debug|Any CPU
		{22EC636D-55C0-46F0-A0E3-82E3E373C42C}.Debug|x86.Build.0 = Debug|Any CPU
		{22EC636D-55C0-46F0-A0E3-82E3E373C42C}.Release|Any CPU.ActiveCfg = Release|Any CPU
		{22EC636D-55C0-46F0-A0E3-82E3E373C42C}.Release|Any CPU.Build.0 = Release|Any CPU
		{22EC636D-55C0-46F0-A0E3-82E3E373C42C}.Release|x64.ActiveCfg = Release|Any CPU
		{22EC636D-55C0-46F0-A0E3-82E3E373C42C}.Release|x64.Build.0 = Release|Any CPU
		{22EC636D-55C0-46F0-A0E3-82E3E373C42C}.Release|x86.ActiveCfg = Release|Any CPU
		{22EC636D-55C0-46F0-A0E3-82E3E373C42C}.Release|x86.Build.0 = Release|Any CPU
		{8F74AF7A-CB7F-4D12-A0C0-F1CD24B4FDAC}.Debug|Any CPU.ActiveCfg = Debug|Any CPU
		{8F74AF7A-CB7F-4D12-A0C0-F1CD24B4FDAC}.Debug|Any CPU.Build.0 = Debug|Any CPU
		{8F74AF7A-CB7F-4D12-A0C0-F1CD24B4FDAC}.Debug|x64.ActiveCfg = Debug|Any CPU
		{8F74AF7A-CB7F-4D12-A0C0-F1CD24B4FDAC}.Debug|x64.Build.0 = Debug|Any CPU
		{8F74AF7A-CB7F-4D12-A0C0-F1CD24B4FDAC}.Debug|x86.ActiveCfg = Debug|Any CPU
		{8F74AF7A-CB7F-4D12-A0C0-F1CD24B4FDAC}.Debug|x86.Build.0 = Debug|Any CPU
		{8F74AF7A-CB7F-4D12-A0C0-F1CD24B4FDAC}.Release|Any CPU.ActiveCfg = Release|Any CPU
		{8F74AF7A-CB7F-4D12-A0C0-F1CD24B4FDAC}.Release|Any CPU.Build.0 = Release|Any CPU
		{8F74AF7A-CB7F-4D12-A0C0-F1CD24B4FDAC}.Release|x64.ActiveCfg = Release|Any CPU
		{8F74AF7A-CB7F-4D12-A0C0-F1CD24B4FDAC}.Release|x64.Build.0 = Release|Any CPU
		{8F74AF7A-CB7F-4D12-A0C0-F1CD24B4FDAC}.Release|x86.ActiveCfg = Release|Any CPU
		{8F74AF7A-CB7F-4D12-A0C0-F1CD24B4FDAC}.Release|x86.Build.0 = Release|Any CPU
		{243022FB-1FD2-4884-89A2-EFBFC8CE9E51}.Debug|Any CPU.ActiveCfg = Debug|Any CPU
		{243022FB-1FD2-4884-89A2-EFBFC8CE9E51}.Debug|Any CPU.Build.0 = Debug|Any CPU
		{243022FB-1FD2-4884-89A2-EFBFC8CE9E51}.Debug|x64.ActiveCfg = Debug|Any CPU
		{243022FB-1FD2-4884-89A2-EFBFC8CE9E51}.Debug|x64.Build.0 = Debug|Any CPU
		{243022FB-1FD2-4884-89A2-EFBFC8CE9E51}.Debug|x86.ActiveCfg = Debug|Any CPU
		{243022FB-1FD2-4884-89A2-EFBFC8CE9E51}.Debug|x86.Build.0 = Debug|Any CPU
		{243022FB-1FD2-4884-89A2-EFBFC8CE9E51}.Release|Any CPU.ActiveCfg = Release|Any CPU
		{243022FB-1FD2-4884-89A2-EFBFC8CE9E51}.Release|Any CPU.Build.0 = Release|Any CPU
		{243022FB-1FD2-4884-89A2-EFBFC8CE9E51}.Release|x64.ActiveCfg = Release|Any CPU
		{243022FB-1FD2-4884-89A2-EFBFC8CE9E51}.Release|x64.Build.0 = Release|Any CPU
		{243022FB-1FD2-4884-89A2-EFBFC8CE9E51}.Release|x86.ActiveCfg = Release|Any CPU
		{243022FB-1FD2-4884-89A2-EFBFC8CE9E51}.Release|x86.Build.0 = Release|Any CPU
	EndGlobalSection
	GlobalSection(SolutionProperties) = preSolution
		HideSolutionNode = FALSE
	EndGlobalSection
	GlobalSection(NestedProjects) = preSolution
		{60B68548-DB78-4E63-AEE4-25FDEEEC0E66} = {07C2787E-EAC7-C090-1BA3-A61EC2A24D84}
		{16D61D77-F698-442B-825C-18157CDF96FF} = {07C2787E-EAC7-C090-1BA3-A61EC2A24D84}
		{22EC636D-55C0-46F0-A0E3-82E3E373C42C} = {07C2787E-EAC7-C090-1BA3-A61EC2A24D84}
		{8F74AF7A-CB7F-4D12-A0C0-F1CD24B4FDAC} = {07C2787E-EAC7-C090-1BA3-A61EC2A24D84}
		{243022FB-1FD2-4884-89A2-EFBFC8CE9E51} = {07C2787E-EAC7-C090-1BA3-A61EC2A24D84}
	EndGlobalSection
EndGlobal
